// !$*UTF8*$!
{
	archiveVersion = 1;
	classes = {
	};
	objectVersion = 50;
	objects = {

/* Begin PBXBuildFile section */
		2A51C06B2653756C00A46193 /* WithSwiftUIViewController.swift in Sources */ = {isa = PBXBuildFile; fileRef = 2A51C06A2653756C00A46193 /* WithSwiftUIViewController.swift */; };
		2A658EF8264E101B00F9CF1E /* UICollectionViewListViewController.swift in Sources */ = {isa = PBXBuildFile; fileRef = 2A658EF7264E101B00F9CF1E /* UICollectionViewListViewController.swift */; };
		2A658EFA264E1CAE00F9CF1E /* CollectionListItem.xib in Resources */ = {isa = PBXBuildFile; fileRef = 2A658EF9264E1CAE00F9CF1E /* CollectionListItem.xib */; };
		2A658EFC264E1E7F00F9CF1E /* CollectionListItemViewCell.swift in Sources */ = {isa = PBXBuildFile; fileRef = 2A658EFB264E1E7F00F9CF1E /* CollectionListItemViewCell.swift */; };
		2ABDE722264CE3AC009112A4 /* UITableViewViewController.swift in Sources */ = {isa = PBXBuildFile; fileRef = 2ABDE721264CE3AC009112A4 /* UITableViewViewController.swift */; };
		2ABDE724264CED95009112A4 /* ListItem.xib in Resources */ = {isa = PBXBuildFile; fileRef = 2ABDE723264CED95009112A4 /* ListItem.xib */; };
		2ABDE726264CF1EC009112A4 /* ListItemViewCell.swift in Sources */ = {isa = PBXBuildFile; fileRef = 2ABDE725264CF1EC009112A4 /* ListItemViewCell.swift */; };
		7C371EFB264C1200002E276D /* AppDelegate.swift in Sources */ = {isa = PBXBuildFile; fileRef = 7C371EFA264C1200002E276D /* AppDelegate.swift */; };
		7C371EFD264C1200002E276D /* SceneDelegate.swift in Sources */ = {isa = PBXBuildFile; fileRef = 7C371EFC264C1200002E276D /* SceneDelegate.swift */; };
		7C371EFF264C1200002E276D /* ViewController.swift in Sources */ = {isa = PBXBuildFile; fileRef = 7C371EFE264C1200002E276D /* ViewController.swift */; };
		7C371F02264C1200002E276D /* Main.storyboard in Resources */ = {isa = PBXBuildFile; fileRef = 7C371F00264C1200002E276D /* Main.storyboard */; };
		7C371F04264C1202002E276D /* Assets.xcassets in Resources */ = {isa = PBXBuildFile; fileRef = 7C371F03264C1202002E276D /* Assets.xcassets */; };
		7C371F07264C1202002E276D /* LaunchScreen.storyboard in Resources */ = {isa = PBXBuildFile; fileRef = 7C371F05264C1202002E276D /* LaunchScreen.storyboard */; };
		7C371F12264C1202002E276D /* UiKitSampleTests.swift in Sources */ = {isa = PBXBuildFile; fileRef = 7C371F11264C1202002E276D /* UiKitSampleTests.swift */; };
		7C371F1D264C1202002E276D /* UiKitSampleUITests.swift in Sources */ = {isa = PBXBuildFile; fileRef = 7C371F1C264C1202002E276D /* UiKitSampleUITests.swift */; };
		7C371F2B264C1741002E276D /* ViewGoneViewController.swift in Sources */ = {isa = PBXBuildFile; fileRef = 7C371F2A264C1741002E276D /* ViewGoneViewController.swift */; };
		7C371F2D264F54C5002E276D /* ScrollViewViewController.swift in Sources */ = {isa = PBXBuildFile; fileRef = 7C371F2C264F54C5002E276D /* ScrollViewViewController.swift */; };
/* End PBXBuildFile section */

/* Begin PBXContainerItemProxy section */
		7C371F0E264C1202002E276D /* PBXContainerItemProxy */ = {
			isa = PBXContainerItemProxy;
			containerPortal = 7C371EEF264C1200002E276D /* Project object */;
			proxyType = 1;
			remoteGlobalIDString = 7C371EF6264C1200002E276D;
			remoteInfo = UiKitSample;
		};
		7C371F19264C1202002E276D /* PBXContainerItemProxy */ = {
			isa = PBXContainerItemProxy;
			containerPortal = 7C371EEF264C1200002E276D /* Project object */;
			proxyType = 1;
			remoteGlobalIDString = 7C371EF6264C1200002E276D;
			remoteInfo = UiKitSample;
		};
/* End PBXContainerItemProxy section */

/* Begin PBXFileReference section */
		2A51C06A2653756C00A46193 /* WithSwiftUIViewController.swift */ = {isa = PBXFileReference; lastKnownFileType = sourcecode.swift; path = WithSwiftUIViewController.swift; sourceTree = "<group>"; };
		2A658EF7264E101B00F9CF1E /* UICollectionViewListViewController.swift */ = {isa = PBXFileReference; lastKnownFileType = sourcecode.swift; path = UICollectionViewListViewController.swift; sourceTree = "<group>"; };
		2A658EF9264E1CAE00F9CF1E /* CollectionListItem.xib */ = {isa = PBXFileReference; lastKnownFileType = file.xib; path = CollectionListItem.xib; sourceTree = "<group>"; };
		2A658EFB264E1E7F00F9CF1E /* CollectionListItemViewCell.swift */ = {isa = PBXFileReference; lastKnownFileType = sourcecode.swift; path = CollectionListItemViewCell.swift; sourceTree = "<group>"; };
		2ABDE721264CE3AC009112A4 /* UITableViewViewController.swift */ = {isa = PBXFileReference; lastKnownFileType = sourcecode.swift; path = UITableViewViewController.swift; sourceTree = "<group>"; };
		2ABDE723264CED95009112A4 /* ListItem.xib */ = {isa = PBXFileReference; lastKnownFileType = file.xib; path = ListItem.xib; sourceTree = "<group>"; };
		2ABDE725264CF1EC009112A4 /* ListItemViewCell.swift */ = {isa = PBXFileReference; lastKnownFileType = sourcecode.swift; path = ListItemViewCell.swift; sourceTree = "<group>"; };
		7C371EF7264C1200002E276D /* UiKitSample.app */ = {isa = PBXFileReference; explicitFileType = wrapper.application; includeInIndex = 0; path = UiKitSample.app; sourceTree = BUILT_PRODUCTS_DIR; };
		7C371EFA264C1200002E276D /* AppDelegate.swift */ = {isa = PBXFileReference; lastKnownFileType = sourcecode.swift; path = AppDelegate.swift; sourceTree = "<group>"; };
		7C371EFC264C1200002E276D /* SceneDelegate.swift */ = {isa = PBXFileReference; lastKnownFileType = sourcecode.swift; path = SceneDelegate.swift; sourceTree = "<group>"; };
		7C371EFE264C1200002E276D /* ViewController.swift */ = {isa = PBXFileReference; lastKnownFileType = sourcecode.swift; path = ViewController.swift; sourceTree = "<group>"; };
		7C371F01264C1200002E276D /* Base */ = {isa = PBXFileReference; lastKnownFileType = file.storyboard; name = Base; path = Base.lproj/Main.storyboard; sourceTree = "<group>"; };
		7C371F03264C1202002E276D /* Assets.xcassets */ = {isa = PBXFileReference; lastKnownFileType = folder.assetcatalog; path = Assets.xcassets; sourceTree = "<group>"; };
		7C371F06264C1202002E276D /* Base */ = {isa = PBXFileReference; lastKnownFileType = file.storyboard; name = Base; path = Base.lproj/LaunchScreen.storyboard; sourceTree = "<group>"; };
		7C371F08264C1202002E276D /* Info.plist */ = {isa = PBXFileReference; lastKnownFileType = text.plist.xml; path = Info.plist; sourceTree = "<group>"; };
		7C371F0D264C1202002E276D /* UiKitSampleTests.xctest */ = {isa = PBXFileReference; explicitFileType = wrapper.cfbundle; includeInIndex = 0; path = UiKitSampleTests.xctest; sourceTree = BUILT_PRODUCTS_DIR; };
		7C371F11264C1202002E276D /* UiKitSampleTests.swift */ = {isa = PBXFileReference; lastKnownFileType = sourcecode.swift; path = UiKitSampleTests.swift; sourceTree = "<group>"; };
		7C371F13264C1202002E276D /* Info.plist */ = {isa = PBXFileReference; lastKnownFileType = text.plist.xml; path = Info.plist; sourceTree = "<group>"; };
		7C371F18264C1202002E276D /* UiKitSampleUITests.xctest */ = {isa = PBXFileReference; explicitFileType = wrapper.cfbundle; includeInIndex = 0; path = UiKitSampleUITests.xctest; sourceTree = BUILT_PRODUCTS_DIR; };
		7C371F1C264C1202002E276D /* UiKitSampleUITests.swift */ = {isa = PBXFileReference; lastKnownFileType = sourcecode.swift; path = UiKitSampleUITests.swift; sourceTree = "<group>"; };
		7C371F1E264C1202002E276D /* Info.plist */ = {isa = PBXFileReference; lastKnownFileType = text.plist.xml; path = Info.plist; sourceTree = "<group>"; };
		7C371F2A264C1741002E276D /* ViewGoneViewController.swift */ = {isa = PBXFileReference; lastKnownFileType = sourcecode.swift; path = ViewGoneViewController.swift; sourceTree = "<group>"; };
		7C371F2C264F54C5002E276D /* ScrollViewViewController.swift */ = {isa = PBXFileReference; lastKnownFileType = sourcecode.swift; path = ScrollViewViewController.swift; sourceTree = "<group>"; };
/* End PBXFileReference section */

/* Begin PBXFrameworksBuildPhase section */
		7C371EF4264C1200002E276D /* Frameworks */ = {
			isa = PBXFrameworksBuildPhase;
			buildActionMask = 2147483647;
			files = (
			);
			runOnlyForDeploymentPostprocessing = 0;
		};
		7C371F0A264C1202002E276D /* Frameworks */ = {
			isa = PBXFrameworksBuildPhase;
			buildActionMask = 2147483647;
			files = (
			);
			runOnlyForDeploymentPostprocessing = 0;
		};
		7C371F15264C1202002E276D /* Frameworks */ = {
			isa = PBXFrameworksBuildPhase;
			buildActionMask = 2147483647;
			files = (
			);
			runOnlyForDeploymentPostprocessing = 0;
		};
/* End PBXFrameworksBuildPhase section */

/* Begin PBXGroup section */
		2A51C0692653754A00A46193 /* UIHostingController */ = {
			isa = PBXGroup;
			children = (
				2A51C06A2653756C00A46193 /* WithSwiftUIViewController.swift */,
			);
			path = UIHostingController;
			sourceTree = "<group>";
		};
		2A94491526520D6A00936AC5 /* ViewGone */ = {
			isa = PBXGroup;
			children = (
				7C371F2A264C1741002E276D /* ViewGoneViewController.swift */,
			);
			path = ViewGone;
			sourceTree = "<group>";
		};
		2A94491626520D8900936AC5 /* ScrollView */ = {
			isa = PBXGroup;
			children = (
				7C371F2C264F54C5002E276D /* ScrollViewViewController.swift */,
			);
			path = ScrollView;
			sourceTree = "<group>";
		};
		2A94491726520D9D00936AC5 /* UITableView */ = {
			isa = PBXGroup;
			children = (
				2ABDE725264CF1EC009112A4 /* ListItemViewCell.swift */,
				2ABDE723264CED95009112A4 /* ListItem.xib */,
				2ABDE721264CE3AC009112A4 /* UITableViewViewController.swift */,
			);
			path = UITableView;
			sourceTree = "<group>";
		};
		2A94491826520DB700936AC5 /* UICollectionView */ = {
			isa = PBXGroup;
			children = (
				2A658EFB264E1E7F00F9CF1E /* CollectionListItemViewCell.swift */,
				2A658EF9264E1CAE00F9CF1E /* CollectionListItem.xib */,
				2A658EF7264E101B00F9CF1E /* UICollectionViewListViewController.swift */,
			);
			path = UICollectionView;
			sourceTree = "<group>";
		};
		7C371EEE264C1200002E276D = {
			isa = PBXGroup;
			children = (
				7C371EF9264C1200002E276D /* UiKitSample */,
				7C371F10264C1202002E276D /* UiKitSampleTests */,
				7C371F1B264C1202002E276D /* UiKitSampleUITests */,
				7C371EF8264C1200002E276D /* Products */,
			);
			sourceTree = "<group>";
		};
		7C371EF8264C1200002E276D /* Products */ = {
			isa = PBXGroup;
			children = (
				7C371EF7264C1200002E276D /* UiKitSample.app */,
				7C371F0D264C1202002E276D /* UiKitSampleTests.xctest */,
				7C371F18264C1202002E276D /* UiKitSampleUITests.xctest */,
			);
			name = Products;
			sourceTree = "<group>";
		};
		7C371EF9264C1200002E276D /* UiKitSample */ = {
			isa = PBXGroup;
			children = (
				2A51C0692653754A00A46193 /* UIHostingController */,
				2A94491826520DB700936AC5 /* UICollectionView */,
				2A94491726520D9D00936AC5 /* UITableView */,
				2A94491626520D8900936AC5 /* ScrollView */,
				2A94491526520D6A00936AC5 /* ViewGone */,
				7C371EFA264C1200002E276D /* AppDelegate.swift */,
				7C371EFC264C1200002E276D /* SceneDelegate.swift */,
				7C371EFE264C1200002E276D /* ViewController.swift */,
				7C371F00264C1200002E276D /* Main.storyboard */,
				7C371F03264C1202002E276D /* Assets.xcassets */,
				7C371F05264C1202002E276D /* LaunchScreen.storyboard */,
				7C371F08264C1202002E276D /* Info.plist */,
			);
			path = UiKitSample;
			sourceTree = "<group>";
		};
		7C371F10264C1202002E276D /* UiKitSampleTests */ = {
			isa = PBXGroup;
			children = (
				7C371F11264C1202002E276D /* UiKitSampleTests.swift */,
				7C371F13264C1202002E276D /* Info.plist */,
			);
			path = UiKitSampleTests;
			sourceTree = "<group>";
		};
		7C371F1B264C1202002E276D /* UiKitSampleUITests */ = {
			isa = PBXGroup;
			children = (
				7C371F1C264C1202002E276D /* UiKitSampleUITests.swift */,
				7C371F1E264C1202002E276D /* Info.plist */,
			);
			path = UiKitSampleUITests;
			sourceTree = "<group>";
		};
/* End PBXGroup section */

/* Begin PBXNativeTarget section */
		7C371EF6264C1200002E276D /* UiKitSample */ = {
			isa = PBXNativeTarget;
			buildConfigurationList = 7C371F21264C1202002E276D /* Build configuration list for PBXNativeTarget "UiKitSample" */;
			buildPhases = (
				7C371EF3264C1200002E276D /* Sources */,
				7C371EF4264C1200002E276D /* Frameworks */,
				7C371EF5264C1200002E276D /* Resources */,
			);
			buildRules = (
			);
			dependencies = (
			);
			name = UiKitSample;
			productName = UiKitSample;
			productReference = 7C371EF7264C1200002E276D /* UiKitSample.app */;
			productType = "com.apple.product-type.application";
		};
		7C371F0C264C1202002E276D /* UiKitSampleTests */ = {
			isa = PBXNativeTarget;
			buildConfigurationList = 7C371F24264C1202002E276D /* Build configuration list for PBXNativeTarget "UiKitSampleTests" */;
			buildPhases = (
				7C371F09264C1202002E276D /* Sources */,
				7C371F0A264C1202002E276D /* Frameworks */,
				7C371F0B264C1202002E276D /* Resources */,
			);
			buildRules = (
			);
			dependencies = (
				7C371F0F264C1202002E276D /* PBXTargetDependency */,
			);
			name = UiKitSampleTests;
			productName = UiKitSampleTests;
			productReference = 7C371F0D264C1202002E276D /* UiKitSampleTests.xctest */;
			productType = "com.apple.product-type.bundle.unit-test";
		};
		7C371F17264C1202002E276D /* UiKitSampleUITests */ = {
			isa = PBXNativeTarget;
			buildConfigurationList = 7C371F27264C1202002E276D /* Build configuration list for PBXNativeTarget "UiKitSampleUITests" */;
			buildPhases = (
				7C371F14264C1202002E276D /* Sources */,
				7C371F15264C1202002E276D /* Frameworks */,
				7C371F16264C1202002E276D /* Resources */,
			);
			buildRules = (
			);
			dependencies = (
				7C371F1A264C1202002E276D /* PBXTargetDependency */,
			);
			name = UiKitSampleUITests;
			productName = UiKitSampleUITests;
			productReference = 7C371F18264C1202002E276D /* UiKitSampleUITests.xctest */;
			productType = "com.apple.product-type.bundle.ui-testing";
		};
/* End PBXNativeTarget section */

/* Begin PBXProject section */
		7C371EEF264C1200002E276D /* Project object */ = {
			isa = PBXProject;
			attributes = {
				LastSwiftUpdateCheck = 1250;
				LastUpgradeCheck = 1250;
				TargetAttributes = {
					7C371EF6264C1200002E276D = {
						CreatedOnToolsVersion = 12.5;
					};
					7C371F0C264C1202002E276D = {
						CreatedOnToolsVersion = 12.5;
						TestTargetID = 7C371EF6264C1200002E276D;
					};
					7C371F17264C1202002E276D = {
						CreatedOnToolsVersion = 12.5;
						TestTargetID = 7C371EF6264C1200002E276D;
					};
				};
			};
			buildConfigurationList = 7C371EF2264C1200002E276D /* Build configuration list for PBXProject "UiKitSample" */;
			compatibilityVersion = "Xcode 9.3";
			developmentRegion = en;
			hasScannedForEncodings = 0;
			knownRegions = (
				en,
				Base,
			);
			mainGroup = 7C371EEE264C1200002E276D;
			productRefGroup = 7C371EF8264C1200002E276D /* Products */;
			projectDirPath = "";
			projectRoot = "";
			targets = (
				7C371EF6264C1200002E276D /* UiKitSample */,
				7C371F0C264C1202002E276D /* UiKitSampleTests */,
				7C371F17264C1202002E276D /* UiKitSampleUITests */,
			);
		};
/* End PBXProject section */

/* Begin PBXResourcesBuildPhase section */
		7C371EF5264C1200002E276D /* Resources */ = {
			isa = PBXResourcesBuildPhase;
			buildActionMask = 2147483647;
			files = (
				2ABDE724264CED95009112A4 /* ListItem.xib in Resources */,
				2A658EFA264E1CAE00F9CF1E /* CollectionListItem.xib in Resources */,
				7C371F07264C1202002E276D /* LaunchScreen.storyboard in Resources */,
				7C371F04264C1202002E276D /* Assets.xcassets in Resources */,
				7C371F02264C1200002E276D /* Main.storyboard in Resources */,
			);
			runOnlyForDeploymentPostprocessing = 0;
		};
		7C371F0B264C1202002E276D /* Resources */ = {
			isa = PBXResourcesBuildPhase;
			buildActionMask = 2147483647;
			files = (
			);
			runOnlyForDeploymentPostprocessing = 0;
		};
		7C371F16264C1202002E276D /* Resources */ = {
			isa = PBXResourcesBuildPhase;
			buildActionMask = 2147483647;
			files = (
			);
			runOnlyForDeploymentPostprocessing = 0;
		};
/* End PBXResourcesBuildPhase section */

/* Begin PBXSourcesBuildPhase section */
		7C371EF3264C1200002E276D /* Sources */ = {
			isa = PBXSourcesBuildPhase;
			buildActionMask = 2147483647;
			files = (
				7C371F2D264F54C5002E276D /* ScrollViewViewController.swift in Sources */,
				7C371EFF264C1200002E276D /* ViewController.swift in Sources */,
				2A658EF8264E101B00F9CF1E /* UICollectionViewListViewController.swift in Sources */,
				2A658EFC264E1E7F00F9CF1E /* CollectionListItemViewCell.swift in Sources */,
				7C371EFB264C1200002E276D /* AppDelegate.swift in Sources */,
				2A51C06B2653756C00A46193 /* WithSwiftUIViewController.swift in Sources */,
				7C371F2B264C1741002E276D /* ViewGoneViewController.swift in Sources */,
				2ABDE726264CF1EC009112A4 /* ListItemViewCell.swift in Sources */,
				2ABDE722264CE3AC009112A4 /* UITableViewViewController.swift in Sources */,
				7C371EFD264C1200002E276D /* SceneDelegate.swift in Sources */,
			);
			runOnlyForDeploymentPostprocessing = 0;
		};
		7C371F09264C1202002E276D /* Sources */ = {
			isa = PBXSourcesBuildPhase;
			buildActionMask = 2147483647;
			files = (
				7C371F12264C1202002E276D /* UiKitSampleTests.swift in Sources */,
			);
			runOnlyForDeploymentPostprocessing = 0;
		};
		7C371F14264C1202002E276D /* Sources */ = {
			isa = PBXSourcesBuildPhase;
			buildActionMask = 2147483647;
			files = (
				7C371F1D264C1202002E276D /* UiKitSampleUITests.swift in Sources */,
			);
			runOnlyForDeploymentPostprocessing = 0;
		};
/* End PBXSourcesBuildPhase section */

/* Begin PBXTargetDependency section */
		7C371F0F264C1202002E276D /* PBXTargetDependency */ = {
			isa = PBXTargetDependency;
			target = 7C371EF6264C1200002E276D /* UiKitSample */;
			targetProxy = 7C371F0E264C1202002E276D /* PBXContainerItemProxy */;
		};
		7C371F1A264C1202002E276D /* PBXTargetDependency */ = {
			isa = PBXTargetDependency;
			target = 7C371EF6264C1200002E276D /* UiKitSample */;
			targetProxy = 7C371F19264C1202002E276D /* PBXContainerItemProxy */;
		};
/* End PBXTargetDependency section */

/* Begin PBXVariantGroup section */
		7C371F00264C1200002E276D /* Main.storyboard */ = {
			isa = PBXVariantGroup;
			children = (
				7C371F01264C1200002E276D /* Base */,
			);
			name = Main.storyboard;
			sourceTree = "<group>";
		};
		7C371F05264C1202002E276D /* LaunchScreen.storyboard */ = {
			isa = PBXVariantGroup;
			children = (
				7C371F06264C1202002E276D /* Base */,
			);
			name = LaunchScreen.storyboard;
			sourceTree = "<group>";
		};
/* End PBXVariantGroup section */

/* Begin XCBuildConfiguration section */
		7C371F1F264C1202002E276D /* Debug */ = {
			isa = XCBuildConfiguration;
			buildSettings = {
				ALWAYS_SEARCH_USER_PATHS = NO;
				CLANG_ANALYZER_NONNULL = YES;
				CLANG_ANALYZER_NUMBER_OBJECT_CONVERSION = YES_AGGRESSIVE;
				CLANG_CXX_LANGUAGE_STANDARD = "gnu++14";
				CLANG_CXX_LIBRARY = "libc++";
				CLANG_ENABLE_MODULES = YES;
				CLANG_ENABLE_OBJC_ARC = YES;
				CLANG_ENABLE_OBJC_WEAK = YES;
				CLANG_WARN_BLOCK_CAPTURE_AUTORELEASING = YES;
				CLANG_WARN_BOOL_CONVERSION = YES;
				CLANG_WARN_COMMA = YES;
				CLANG_WARN_CONSTANT_CONVERSION = YES;
				CLANG_WARN_DEPRECATED_OBJC_IMPLEMENTATIONS = YES;
				CLANG_WARN_DIRECT_OBJC_ISA_USAGE = YES_ERROR;
				CLANG_WARN_DOCUMENTATION_COMMENTS = YES;
				CLANG_WARN_EMPTY_BODY = YES;
				CLANG_WARN_ENUM_CONVERSION = YES;
				CLANG_WARN_INFINITE_RECURSION = YES;
				CLANG_WARN_INT_CONVERSION = YES;
				CLANG_WARN_NON_LITERAL_NULL_CONVERSION = YES;
				CLANG_WARN_OBJC_IMPLICIT_RETAIN_SELF = YES;
				CLANG_WARN_OBJC_LITERAL_CONVERSION = YES;
				CLANG_WARN_OBJC_ROOT_CLASS = YES_ERROR;
				CLANG_WARN_QUOTED_INCLUDE_IN_FRAMEWORK_HEADER = YES;
				CLANG_WARN_RANGE_LOOP_ANALYSIS = YES;
				CLANG_WARN_STRICT_PROTOTYPES = YES;
				CLANG_WARN_SUSPICIOUS_MOVE = YES;
				CLANG_WARN_UNGUARDED_AVAILABILITY = YES_AGGRESSIVE;
				CLANG_WARN_UNREACHABLE_CODE = YES;
				CLANG_WARN__DUPLICATE_METHOD_MATCH = YES;
				COPY_PHASE_STRIP = NO;
				DEBUG_INFORMATION_FORMAT = dwarf;
				ENABLE_STRICT_OBJC_MSGSEND = YES;
				ENABLE_TESTABILITY = YES;
				GCC_C_LANGUAGE_STANDARD = gnu11;
				GCC_DYNAMIC_NO_PIC = NO;
				GCC_NO_COMMON_BLOCKS = YES;
				GCC_OPTIMIZATION_LEVEL = 0;
				GCC_PREPROCESSOR_DEFINITIONS = (
					"DEBUG=1",
					"$(inherited)",
				);
				GCC_WARN_64_TO_32_BIT_CONVERSION = YES;
				GCC_WARN_ABOUT_RETURN_TYPE = YES_ERROR;
				GCC_WARN_UNDECLARED_SELECTOR = YES;
				GCC_WARN_UNINITIALIZED_AUTOS = YES_AGGRESSIVE;
				GCC_WARN_UNUSED_FUNCTION = YES;
				GCC_WARN_UNUSED_VARIABLE = YES;
				IPHONEOS_DEPLOYMENT_TARGET = 14.5;
				MTL_ENABLE_DEBUG_INFO = INCLUDE_SOURCE;
				MTL_FAST_MATH = YES;
				ONLY_ACTIVE_ARCH = YES;
				SDKROOT = iphoneos;
				SWIFT_ACTIVE_COMPILATION_CONDITIONS = DEBUG;
				SWIFT_OPTIMIZATION_LEVEL = "-Onone";
			};
			name = Debug;
		};
		7C371F20264C1202002E276D /* Release */ = {
			isa = XCBuildConfiguration;
			buildSettings = {
				ALWAYS_SEARCH_USER_PATHS = NO;
				CLANG_ANALYZER_NONNULL = YES;
				CLANG_ANALYZER_NUMBER_OBJECT_CONVERSION = YES_AGGRESSIVE;
				CLANG_CXX_LANGUAGE_STANDARD = "gnu++14";
				CLANG_CXX_LIBRARY = "libc++";
				CLANG_ENABLE_MODULES = YES;
				CLANG_ENABLE_OBJC_ARC = YES;
				CLANG_ENABLE_OBJC_WEAK = YES;
				CLANG_WARN_BLOCK_CAPTURE_AUTORELEASING = YES;
				CLANG_WARN_BOOL_CONVERSION = YES;
				CLANG_WARN_COMMA = YES;
				CLANG_WARN_CONSTANT_CONVERSION = YES;
				CLANG_WARN_DEPRECATED_OBJC_IMPLEMENTATIONS = YES;
				CLANG_WARN_DIRECT_OBJC_ISA_USAGE = YES_ERROR;
				CLANG_WARN_DOCUMENTATION_COMMENTS = YES;
				CLANG_WARN_EMPTY_BODY = YES;
				CLANG_WARN_ENUM_CONVERSION = YES;
				CLANG_WARN_INFINITE_RECURSION = YES;
				CLANG_WARN_INT_CONVERSION = YES;
				CLANG_WARN_NON_LITERAL_NULL_CONVERSION = YES;
				CLANG_WARN_OBJC_IMPLICIT_RETAIN_SELF = YES;
				CLANG_WARN_OBJC_LITERAL_CONVERSION = YES;
				CLANG_WARN_OBJC_ROOT_CLASS = YES_ERROR;
				CLANG_WARN_QUOTED_INCLUDE_IN_FRAMEWORK_HEADER = YES;
				CLANG_WARN_RANGE_LOOP_ANALYSIS = YES;
				CLANG_WARN_STRICT_PROTOTYPES = YES;
				CLANG_WARN_SUSPICIOUS_MOVE = YES;
				CLANG_WARN_UNGUARDED_AVAILABILITY = YES_AGGRESSIVE;
				CLANG_WARN_UNREACHABLE_CODE = YES;
				CLANG_WARN__DUPLICATE_METHOD_MATCH = YES;
				COPY_PHASE_STRIP = NO;
				DEBUG_INFORMATION_FORMAT = "dwarf-with-dsym";
				ENABLE_NS_ASSERTIONS = NO;
				ENABLE_STRICT_OBJC_MSGSEND = YES;
				GCC_C_LANGUAGE_STANDARD = gnu11;
				GCC_NO_COMMON_BLOCKS = YES;
				GCC_WARN_64_TO_32_BIT_CONVERSION = YES;
				GCC_WARN_ABOUT_RETURN_TYPE = YES_ERROR;
				GCC_WARN_UNDECLARED_SELECTOR = YES;
				GCC_WARN_UNINITIALIZED_AUTOS = YES_AGGRESSIVE;
				GCC_WARN_UNUSED_FUNCTION = YES;
				GCC_WARN_UNUSED_VARIABLE = YES;
				IPHONEOS_DEPLOYMENT_TARGET = 14.5;
				MTL_ENABLE_DEBUG_INFO = NO;
				MTL_FAST_MATH = YES;
				SDKROOT = iphoneos;
				SWIFT_COMPILATION_MODE = wholemodule;
				SWIFT_OPTIMIZATION_LEVEL = "-O";
				VALIDATE_PRODUCT = YES;
			};
			name = Release;
		};
		7C371F22264C1202002E276D /* Debug */ = {
			isa = XCBuildConfiguration;
			buildSettings = {
				ASSETCATALOG_COMPILER_APPICON_NAME = AppIcon;
				ASSETCATALOG_COMPILER_GLOBAL_ACCENT_COLOR_NAME = AccentColor;
				CODE_SIGN_STYLE = Automatic;
				DEVELOPMENT_TEAM = V93B98246Y;
				INFOPLIST_FILE = UiKitSample/Info.plist;
				LD_RUNPATH_SEARCH_PATHS = (
					"$(inherited)",
					"@executable_path/Frameworks",
				);
				PRODUCT_BUNDLE_IDENTIFIER = com.ororo.auto.UiKitSample;
				PRODUCT_NAME = "$(TARGET_NAME)";
				SWIFT_VERSION = 5.0;
				TARGETED_DEVICE_FAMILY = "1,2";
			};
			name = Debug;
		};
		7C371F23264C1202002E276D /* Release */ = {
			isa = XCBuildConfiguration;
			buildSettings = {
				ASSETCATALOG_COMPILER_APPICON_NAME = AppIcon;
				ASSETCATALOG_COMPILER_GLOBAL_ACCENT_COLOR_NAME = AccentColor;
				CODE_SIGN_STYLE = Automatic;
				DEVELOPMENT_TEAM = V93B98246Y;
				INFOPLIST_FILE = UiKitSample/Info.plist;
				LD_RUNPATH_SEARCH_PATHS = (
					"$(inherited)",
					"@executable_path/Frameworks",
				);
				PRODUCT_BUNDLE_IDENTIFIER = com.ororo.auto.UiKitSample;
				PRODUCT_NAME = "$(TARGET_NAME)";
				SWIFT_VERSION = 5.0;
				TARGETED_DEVICE_FAMILY = "1,2";
			};
			name = Release;
		};
		7C371F25264C1202002E276D /* Debug */ = {
			isa = XCBuildConfiguration;
			buildSettings = {
				ALWAYS_EMBED_SWIFT_STANDARD_LIBRARIES = YES;
				BUNDLE_LOADER = "$(TEST_HOST)";
				CODE_SIGN_STYLE = Automatic;
				DEVELOPMENT_TEAM = V93B98246Y;
				INFOPLIST_FILE = UiKitSampleTests/Info.plist;
				IPHONEOS_DEPLOYMENT_TARGET = 14.5;
				LD_RUNPATH_SEARCH_PATHS = (
					"$(inherited)",
					"@executable_path/Frameworks",
					"@loader_path/Frameworks",
				);
				PRODUCT_BUNDLE_IDENTIFIER = com.ororo.auto.UiKitSampleTests;
				PRODUCT_NAME = "$(TARGET_NAME)";
				SWIFT_VERSION = 5.0;
				TARGETED_DEVICE_FAMILY = "1,2";
				TEST_HOST = "$(BUILT_PRODUCTS_DIR)/UiKitSample.app/UiKitSample";
			};
			name = Debug;
		};
		7C371F26264C1202002E276D /* Release */ = {
			isa = XCBuildConfiguration;
			buildSettings = {
				ALWAYS_EMBED_SWIFT_STANDARD_LIBRARIES = YES;
				BUNDLE_LOADER = "$(TEST_HOST)";
				CODE_SIGN_STYLE = Automatic;
				DEVELOPMENT_TEAM = V93B98246Y;
				INFOPLIST_FILE = UiKitSampleTests/Info.plist;
				IPHONEOS_DEPLOYMENT_TARGET = 14.5;
				LD_RUNPATH_SEARCH_PATHS = (
					"$(inherited)",
					"@executable_path/Frameworks",
					"@loader_path/Frameworks",
				);
				PRODUCT_BUNDLE_IDENTIFIER = com.ororo.auto.UiKitSampleTests;
				PRODUCT_NAME = "$(TARGET_NAME)";
				SWIFT_VERSION = 5.0;
				TARGETED_DEVICE_FAMILY = "1,2";
				TEST_HOST = "$(BUILT_PRODUCTS_DIR)/UiKitSample.app/UiKitSample";
			};
			name = Release;
		};
		7C371F28264C1202002E276D /* Debug */ = {
			isa = XCBuildConfiguration;
			buildSettings = {
				ALWAYS_EMBED_SWIFT_STANDARD_LIBRARIES = YES;
				CODE_SIGN_STYLE = Automatic;
				DEVELOPMENT_TEAM = V93B98246Y;
				INFOPLIST_FILE = UiKitSampleUITests/Info.plist;
				LD_RUNPATH_SEARCH_PATHS = (
					"$(inherited)",
					"@executable_path/Frameworks",
					"@loader_path/Frameworks",
				);
				PRODUCT_BUNDLE_IDENTIFIER = com.ororo.auto.UiKitSampleUITests;
				PRODUCT_NAME = "$(TARGET_NAME)";
				SWIFT_VERSION = 5.0;
				TARGETED_DEVICE_FAMILY = "1,2";
				TEST_TARGET_NAME = UiKitSample;
			};
			name = Debug;
		};
		7C371F29264C1202002E276D /* Release */ = {
			isa = XCBuildConfiguration;
			buildSettings = {
				ALWAYS_EMBED_SWIFT_STANDARD_LIBRARIES = YES;
				CODE_SIGN_STYLE = Automatic;
				DEVELOPMENT_TEAM = V93B98246Y;
				INFOPLIST_FILE = UiKitSampleUITests/Info.plist;
				LD_RUNPATH_SEARCH_PATHS = (
					"$(inherited)",
					"@executable_path/Frameworks",
					"@loader_path/Frameworks",
				);
				PRODUCT_BUNDLE_IDENTIFIER = com.ororo.auto.UiKitSampleUITests;
				PRODUCT_NAME = "$(TARGET_NAME)";
				SWIFT_VERSION = 5.0;
				TARGETED_DEVICE_FAMILY = "1,2";
				TEST_TARGET_NAME = UiKitSample;
			};
			name = Release;
		};
/* End XCBuildConfiguration section */

/* Begin XCConfigurationList section */
		7C371EF2264C1200002E276D /* Build configuration list for PBXProject "UiKitSample" */ = {
			isa = XCConfigurationList;
			buildConfigurations = (
				7C371F1F264C1202002E276D /* Debug */,
				7C371F20264C1202002E276D /* Release */,
			);
			defaultConfigurationIsVisible = 0;
			defaultConfigurationName = Release;
		};
		7C371F21264C1202002E276D /* Build configuration list for PBXNativeTarget "UiKitSample" */ = {
			isa = XCConfigurationList;
			buildConfigurations = (
				7C371F22264C1202002E276D /* Debug */,
				7C371F23264C1202002E276D /* Release */,
			);
			defaultConfigurationIsVisible = 0;
			defaultConfigurationName = Release;
		};
		7C371F24264C1202002E276D /* Build configuration list for PBXNativeTarget "UiKitSampleTests" */ = {
			isa = XCConfigurationList;
			buildConfigurations = (
				7C371F25264C1202002E276D /* Debug */,
				7C371F26264C1202002E276D /* Release */,
			);
			defaultConfigurationIsVisible = 0;
			defaultConfigurationName = Release;
		};
		7C371F27264C1202002E276D /* Build configuration list for PBXNativeTarget "UiKitSampleUITests" */ = {
			isa = XCConfigurationList;
			buildConfigurations = (
				7C371F28264C1202002E276D /* Debug */,
				7C371F29264C1202002E276D /* Release */,
			);
			defaultConfigurationIsVisible = 0;
			defaultConfigurationName = Release;
		};
/* End XCConfigurationList section */
	};
	rootObject = 7C371EEF264C1200002E276D /* Project object */;
}
